{
  "originHash" : "ba48a3695c418cf230fd0803e89dda61f4c9a8c50f72e9202512562dd15c7975",
  "pins" : [
    {
      "identity" : "swift-atomics",
      "kind" : "remoteSourceControl",
      "location" : "https://github.com/apple/swift-atomics.git",
      "state" : {
        "revision" : "0442cb5a3f98ab802acb777929fdb446bda11a34",
        "version" : "1.3.1"
      }
    },
    {
      "identity" : "swift-collections",
      "kind" : "remoteSourceControl",
      "location" : "https://github.com/apple/swift-collections.git",
      "state" : {
        "revision" : "a0cb0954ecb21e4e31b0070e6ed5674e8556685a",
        "version" : "1.6.0"
      }
    },
    {
      "identity" : "swift-nio",
      "kind" : "remoteSourceControl",
      "location" : "https://github.com/apple/swift-nio.git",
      "state" : {
        "revision" : "cd3e1152083706d77b223fb29110e590efcc70c0",
        "version" : "2.101.2"
      }
    },
    {
      "identity" : "swift-system",
      "kind" : "remoteSourceControl",
      "location" : "https://github.com/apple/swift-system.git",
      "state" : {
        "revision" : "b5544ba79a70a0cb3563e75bf26dc198d6b40ed3",
        "version" : "1.7.4"
      }
    }
  ],
  "version" : 3
}
