{
  "originHash" : "4a7df89fa5ed2e12980e8753edf633253360ff5d530712613f38a06038e70a27",
  "pins" : [
    {
      "identity" : "cocoaasyncsocket",
      "kind" : "remoteSourceControl",
      "location" : "https://github.com/robbiehanson/CocoaAsyncSocket",
      "state" : {
        "revision" : "dbdc00669c1ced63b27c3c5f052ee4d28f10150c",
        "version" : "7.6.5"
      }
    }
  ],
  "version" : 3
}
